schema: '2.0'
stages:
  validate:
    cmd: python src/data_validation.py
    deps:
    - path: data/raw/reviews.csv
      hash: md5
      md5: 3c000c5fcc6debc17318cbefc882fde2
      size: 1863
  preprocess:
    cmd: python src/preprocessing.py
    deps:
    - path: data/raw/reviews.csv
      hash: md5
      md5: 3c000c5fcc6debc17318cbefc882fde2
      size: 1863
    outs:
    - path: data/processed/clean.csv
      hash: md5
      md5: 8217333350b32ed86a33390a94ea8c4c
      size: 1863
  train:
    cmd: python src/train.py
    deps:
    - path: data/processed/clean.csv
      hash: md5
      md5: 8217333350b32ed86a33390a94ea8c4c
      size: 1863
    outs:
    - path: models/model.pkl
      hash: md5
      md5: 5ce937e8d6220ccea798a20e7fa0d3dd
      size: 6588
